
Microsoft Visual Studio Solution File, Format Version 12.00
# Visual Studio Version 17
VisualStudioVersion = 17.14.36310.24 d17.14
MinimumVisualStudioVersion = 10.0.40219.1
Project("{FAE04EC0-301F-11D3-BF4B-00C04F79EFBC}") = "Schema", "Schema\Schema.csproj", "{931FA66D-5D21-CCF8-267F-DEDE1261311E}"
EndProject
Global
	GlobalSection(SolutionConfigurationPlatforms) = preSolution
		Debug|Any CPU = Debug|Any CPU
		Release|Any CPU = Release|Any CPU
	EndGlobalSection
	GlobalSection(ProjectConfigurationPlatforms) = postSolution
		{931FA66D-5D21-CCF8-267F-DEDE1261311E}.Debug|Any CPU.ActiveCfg = Debug|Any CPU
		{931FA66D-5D21-CCF8-267F-DEDE1261311E}.Debug|Any CPU.Build.0 = Debug|Any CPU
		{931FA66D-5D21-CCF8-267F-DEDE1261311E}.Release|Any CPU.ActiveCfg = Release|Any CPU
		{931FA66D-5D21-CCF8-267F-DEDE1261311E}.Release|Any CPU.Build.0 = Release|Any CPU
	EndGlobalSection
	GlobalSection(SolutionProperties) = preSolution
		HideSolutionNode = FALSE
	EndGlobalSection
	GlobalSection(ExtensibilityGlobals) = postSolution
		SolutionGuid = {8DF801B9-F2AE-49DA-B0B7-2EBEA33F9337}
	EndGlobalSection
EndGlobal
